
Microsoft Visual Studio Solution File, Format Version 12.00
# Visual Studio Version 17
VisualStudioVersion = 17.5.33516.290
MinimumVisualStudioVersion = 10.0.40219.1
Project("{FAE04EC0-301F-11D3-BF4B-00C04F79EFBC}") = "WebApplication1", "WebApplication1.csproj", "{D45FB0BB-8D3D-4581-8173-0ACB246FF5A5}"
EndProject
Global
	GlobalSection(SolutionConfigurationPlatforms) = preSolution
		Debug|Any CPU = Debug|Any CPU
		Release|Any CPU = Release|Any CPU
	EndGlobalSection
	GlobalSection(ProjectConfigurationPlatforms) = postSolution
		{D45FB0BB-8D3D-4581-8173-0ACB246FF5A5}.Debug|Any CPU.ActiveCfg = Debug|Any CPU
		{D45FB0BB-8D3D-4581-8173-0ACB246FF5A5}.Debug|Any CPU.Build.0 = Debug|Any CPU
		{D45FB0BB-8D3D-4581-8173-0ACB246FF5A5}.Release|Any CPU.ActiveCfg = Release|Any CPU
		{D45FB0BB-8D3D-4581-8173-0ACB246FF5A5}.Release|Any CPU.Build.0 = Release|Any CPU
	EndGlobalSection
	GlobalSection(SolutionProperties) = preSolution
		HideSolutionNode = FALSE
	EndGlobalSection
	GlobalSection(ExtensibilityGlobals) = postSolution
		SolutionGuid = {2EC15748-9B65-4557-B9F9-A44A81D0236E}
	EndGlobalSection
EndGlobal
